
Microsoft Visual Studio Solution File, Format Version 12.00
# Visual Studio Version 16
VisualStudioVersion = 16.0.29519.181
MinimumVisualStudioVersion = 10.0.40219.1
Project("{FAE04EC0-301F-11D3-BF4B-00C04F79EFBC}") = "AbstractSockets", "AbstractSockets\AbstractSockets.csproj", "{FB6F6658-535D-4963-A96F-0046B8F7DD8E}"
EndProject
Project("{2150E333-8FDC-42A3-9474-1A3956D46DE8}") = "Example", "Example", "{8A2222E1-DA9A-4BBE-8E14-608827C40115}"
EndProject
Project("{2150E333-8FDC-42A3-9474-1A3956D46DE8}") = "Byte", "Byte", "{D506661B-D854-4350-BC4E-1DB0D42A8406}"
EndProject
Project("{FAE04EC0-301F-11D3-BF4B-00C04F79EFBC}") = "ExampleByteServer", "Example\Byte\ExampleByteServer\ExampleByteServer.csproj", "{4A0B301F-C983-4BA8-A5DD-DA45A0773CF0}"
EndProject
Project("{FAE04EC0-301F-11D3-BF4B-00C04F79EFBC}") = "ExampleByteClient", "Example\Byte\ExampleByteClient\ExampleByteClient.csproj", "{CBDBA17F-5472-46D7-BF3D-11BA2363324D}"
EndProject
Project("{2150E333-8FDC-42A3-9474-1A3956D46DE8}") = "String", "String", "{CB7DFB6D-F47B-4037-A162-FBF5FC2BFFE5}"
EndProject
Project("{FAE04EC0-301F-11D3-BF4B-00C04F79EFBC}") = "ExampleStringClient", "Example\String\ExampleStringClient\ExampleStringClient.csproj", "{F6FC13B0-4120-48F2-98A6-13507DE955E6}"
EndProject
Project("{FAE04EC0-301F-11D3-BF4B-00C04F79EFBC}") = "ExampleStringServer", "Example\String\ExampleStringServer\ExampleStringServer.csproj", "{554898E4-503E-4839-9391-5DF33FE8440A}"
EndProject
Project("{FAE04EC0-301F-11D3-BF4B-00C04F79EFBC}") = "ExampleStringStream", "Example\String\ExampleStringStream\ExampleStringStream.csproj", "{134C88BC-21E0-4675-84F5-143F9363E36C}"
EndProject
Global
	GlobalSection(SolutionConfigurationPlatforms) = preSolution
		Debug|Any CPU = Debug|Any CPU
		Release|Any CPU = Release|Any CPU
	EndGlobalSection
	GlobalSection(ProjectConfigurationPlatforms) = postSolution
		{FB6F6658-535D-4963-A96F-0046B8F7DD8E}.Debug|Any CPU.ActiveCfg = Debug|Any CPU
		{FB6F6658-535D-4963-A96F-0046B8F7DD8E}.Debug|Any CPU.Build.0 = Debug|Any CPU
		{FB6F6658-535D-4963-A96F-0046B8F7DD8E}.Release|Any CPU.ActiveCfg = Release|Any CPU
		{FB6F6658-535D-4963-A96F-0046B8F7DD8E}.Release|Any CPU.Build.0 = Release|Any CPU
		{4A0B301F-C983-4BA8-A5DD-DA45A0773CF0}.Debug|Any CPU.ActiveCfg = Debug|Any CPU
		{4A0B301F-C983-4BA8-A5DD-DA45A0773CF0}.Debug|Any CPU.Build.0 = Debug|Any CPU
		{4A0B301F-C983-4BA8-A5DD-DA45A0773CF0}.Release|Any CPU.ActiveCfg = Release|Any CPU
		{4A0B301F-C983-4BA8-A5DD-DA45A0773CF0}.Release|Any CPU.Build.0 = Release|Any CPU
		{CBDBA17F-5472-46D7-BF3D-11BA2363324D}.Debug|Any CPU.ActiveCfg = Debug|Any CPU
		{CBDBA17F-5472-46D7-BF3D-11BA2363324D}.Debug|Any CPU.Build.0 = Debug|Any CPU
		{CBDBA17F-5472-46D7-BF3D-11BA2363324D}.Release|Any CPU.ActiveCfg = Release|Any CPU
		{CBDBA17F-5472-46D7-BF3D-11BA2363324D}.Release|Any CPU.Build.0 = Release|Any CPU
		{F6FC13B0-4120-48F2-98A6-13507DE955E6}.Debug|Any CPU.ActiveCfg = Debug|Any CPU
		{F6FC13B0-4120-48F2-98A6-13507DE955E6}.Debug|Any CPU.Build.0 = Debug|Any CPU
		{F6FC13B0-4120-48F2-98A6-13507DE955E6}.Release|Any CPU.ActiveCfg = Release|Any CPU
		{F6FC13B0-4120-48F2-98A6-13507DE955E6}.Release|Any CPU.Build.0 = Release|Any CPU
		{554898E4-503E-4839-9391-5DF33FE8440A}.Debug|Any CPU.ActiveCfg = Debug|Any CPU
		{554898E4-503E-4839-9391-5DF33FE8440A}.Debug|Any CPU.Build.0 = Debug|Any CPU
		{554898E4-503E-4839-9391-5DF33FE8440A}.Release|Any CPU.ActiveCfg = Release|Any CPU
		{554898E4-503E-4839-9391-5DF33FE8440A}.Release|Any CPU.Build.0 = Release|Any CPU
		{134C88BC-21E0-4675-84F5-143F9363E36C}.Debug|Any CPU.ActiveCfg = Debug|Any CPU
		{134C88BC-21E0-4675-84F5-143F9363E36C}.Debug|Any CPU.Build.0 = Debug|Any CPU
		{134C88BC-21E0-4675-84F5-143F9363E36C}.Release|Any CPU.ActiveCfg = Release|Any CPU
		{134C88BC-21E0-4675-84F5-143F9363E36C}.Release|Any CPU.Build.0 = Release|Any CPU
	EndGlobalSection
	GlobalSection(SolutionProperties) = preSolution
		HideSolutionNode = FALSE
	EndGlobalSection
	GlobalSection(NestedProjects) = preSolution
		{D506661B-D854-4350-BC4E-1DB0D42A8406} = {8A2222E1-DA9A-4BBE-8E14-608827C40115}
		{4A0B301F-C983-4BA8-A5DD-DA45A0773CF0} = {D506661B-D854-4350-BC4E-1DB0D42A8406}
		{CBDBA17F-5472-46D7-BF3D-11BA2363324D} = {D506661B-D854-4350-BC4E-1DB0D42A8406}
		{CB7DFB6D-F47B-4037-A162-FBF5FC2BFFE5} = {8A2222E1-DA9A-4BBE-8E14-608827C40115}
		{F6FC13B0-4120-48F2-98A6-13507DE955E6} = {CB7DFB6D-F47B-4037-A162-FBF5FC2BFFE5}
		{554898E4-503E-4839-9391-5DF33FE8440A} = {CB7DFB6D-F47B-4037-A162-FBF5FC2BFFE5}
		{134C88BC-21E0-4675-84F5-143F9363E36C} = {CB7DFB6D-F47B-4037-A162-FBF5FC2BFFE5}
	EndGlobalSection
	GlobalSection(ExtensibilityGlobals) = postSolution
		SolutionGuid = {63EA6029-9FD9-46C6-9E06-036B9A4ABA3B}
	EndGlobalSection
EndGlobal
